# THIS IS AN AUTOGENERATED FILE. DO NOT EDIT THIS FILE DIRECTLY.
# yarn lockfile v1


next-redux-saga@^4.0.2:
  version "4.0.2"
  resolved "https://registry.yarnpkg.com/next-redux-saga/-/next-redux-saga-4.0.2.tgz#050a0d00342bd9d9ef30b208caa31be7ba397810"
  integrity sha512-XvysE2/cI2MpB59lksx3+oaD3sHzwspH5St6bowXxyxhGhZaQD0RFmRHzHyZmyrTZqIeX5TflerZ6C9ppLr7kw==
